// !$*UTF8*$!
{
	archiveVersion = 1;
	classes = {
	};
	objectVersion = 46;
	objects = {

/* Begin PBXBuildFile section */
		CF4471CD1932A3430083B6DF /* calculations.cpp in Sources */ = {isa = PBXBuildFile; fileRef = CF4471CC1932A3430083B6DF /* calculations.cpp */; };
		CF678A8D1833083F00CFAF68 /* constants.cpp in Sources */ = {isa = PBXBuildFile; fileRef = CF678A8C1833083F00CFAF68 /* constants.cpp */; };
		CF84186D180B358C00B90AFB /* main.cpp in Sources */ = {isa = PBXBuildFile; fileRef = CF84186C180B358C00B90AFB /* main.cpp */; };
		CF84186F180B358C00B90AFB /* Orbits.1 in CopyFiles */ = {isa = PBXBuildFile; fileRef = CF84186E180B358C00B90AFB /* Orbits.1 */; };
		CF84187D180B396F00B90AFB /* conversions.cpp in Sources */ = {isa = PBXBuildFile; fileRef = CF84187C180B396F00B90AFB /* conversions.cpp */; };
		CF972B3E1934004500296D66 /* fileio.cpp in Sources */ = {isa = PBXBuildFile; fileRef = CF972B3D1934004500296D66 /* fileio.cpp */; };
/* End PBXBuildFile section */

/* Begin PBXCopyFilesBuildPhase section */
		CF841866180B358C00B90AFB /* CopyFiles */ = {
			isa = PBXCopyFilesBuildPhase;
			buildActionMask = 2147483647;
			dstPath = /usr/share/man/man1/;
			dstSubfolderSpec = 0;
			files = (
				CF84186F180B358C00B90AFB /* Orbits.1 in CopyFiles */,
			);
			runOnlyForDeploymentPostprocessing = 1;
		};
/* End PBXCopyFilesBuildPhase section */

/* Begin PBXFileReference section */
		CF4471CC1932A3430083B6DF /* calculations.cpp */ = {isa = PBXFileReference; fileEncoding = 4; lastKnownFileType = sourcecode.cpp.cpp; path = calculations.cpp; sourceTree = "<group>"; };
		CF4471CF1932A3500083B6DF /* calculations.h */ = {isa = PBXFileReference; fileEncoding = 4; lastKnownFileType = sourcecode.c.h; path = calculations.h; sourceTree = "<group>"; };
		CF678A8A183307FD00CFAF68 /* constants.h */ = {isa = PBXFileReference; fileEncoding = 4; lastKnownFileType = sourcecode.c.h; path = constants.h; sourceTree = "<group>"; };
		CF678A8C1833083F00CFAF68 /* constants.cpp */ = {isa = PBXFileReference; fileEncoding = 4; lastKnownFileType = sourcecode.cpp.cpp; path = constants.cpp; sourceTree = "<group>"; };
		CF841868180B358C00B90AFB /* Orbits */ = {isa = PBXFileReference; explicitFileType = "compiled.mach-o.executable"; includeInIndex = 0; path = Orbits; sourceTree = BUILT_PRODUCTS_DIR; };
		CF84186C180B358C00B90AFB /* main.cpp */ = {isa = PBXFileReference; lastKnownFileType = sourcecode.cpp.cpp; path = main.cpp; sourceTree = "<group>"; };
		CF84186E180B358C00B90AFB /* Orbits.1 */ = {isa = PBXFileReference; lastKnownFileType = text.man; path = Orbits.1; sourceTree = "<group>"; };
		CF84187C180B396F00B90AFB /* conversions.cpp */ = {isa = PBXFileReference; fileEncoding = 4; lastKnownFileType = sourcecode.cpp.cpp; path = conversions.cpp; sourceTree = "<group>"; };
		CF84187E180B39D500B90AFB /* conversions.h */ = {isa = PBXFileReference; fileEncoding = 4; lastKnownFileType = sourcecode.c.h; path = conversions.h; sourceTree = "<group>"; };
		CF972B3C1934003E00296D66 /* fileio.h */ = {isa = PBXFileReference; fileEncoding = 4; lastKnownFileType = sourcecode.c.h; path = fileio.h; sourceTree = "<group>"; };
		CF972B3D1934004500296D66 /* fileio.cpp */ = {isa = PBXFileReference; fileEncoding = 4; lastKnownFileType = sourcecode.cpp.cpp; path = fileio.cpp; sourceTree = "<group>"; };
/* End PBXFileReference section */

/* Begin PBXFrameworksBuildPhase section */
		CF841865180B358C00B90AFB /* Frameworks */ = {
			isa = PBXFrameworksBuildPhase;
			buildActionMask = 2147483647;
			files = (
			);
			runOnlyForDeploymentPostprocessing = 0;
		};
/* End PBXFrameworksBuildPhase section */

/* Begin PBXGroup section */
		CF84185D180B358C00B90AFB = {
			isa = PBXGroup;
			children = (
				CF972B3A1934002400296D66 /* I/O */,
				CF84187F180B3FE600B90AFB /* Objects */,
				CF84186B180B358C00B90AFB /* Orbits */,
				CF841869180B358C00B90AFB /* Products */,
			);
			sourceTree = "<group>";
		};
		CF841869180B358C00B90AFB /* Products */ = {
			isa = PBXGroup;
			children = (
				CF841868180B358C00B90AFB /* Orbits */,
			);
			name = Products;
			sourceTree = "<group>";
		};
		CF84186B180B358C00B90AFB /* Orbits */ = {
			isa = PBXGroup;
			children = (
				CF4471CC1932A3430083B6DF /* calculations.cpp */,
				CF4471CF1932A3500083B6DF /* calculations.h */,
				CF84186C180B358C00B90AFB /* main.cpp */,
				CF84186E180B358C00B90AFB /* Orbits.1 */,
			);
			path = Orbits;
			sourceTree = "<group>";
		};
		CF84187F180B3FE600B90AFB /* Objects */ = {
			isa = PBXGroup;
			children = (
				CF84187E180B39D500B90AFB /* conversions.h */,
				CF84187C180B396F00B90AFB /* conversions.cpp */,
				CF678A8A183307FD00CFAF68 /* constants.h */,
				CF678A8C1833083F00CFAF68 /* constants.cpp */,
			);
			name = Objects;
			path = Orbits;
			sourceTree = "<group>";
		};
		CF972B3A1934002400296D66 /* I/O */ = {
			isa = PBXGroup;
			children = (
				CF972B3C1934003E00296D66 /* fileio.h */,
				CF972B3D1934004500296D66 /* fileio.cpp */,
			);
			name = I/O;
			sourceTree = "<group>";
		};
/* End PBXGroup section */

/* Begin PBXNativeTarget section */
		CF841867180B358C00B90AFB /* Orbits */ = {
			isa = PBXNativeTarget;
			buildConfigurationList = CF841872180B358C00B90AFB /* Build configuration list for PBXNativeTarget "Orbits" */;
			buildPhases = (
				CF841864180B358C00B90AFB /* Sources */,
				CF841865180B358C00B90AFB /* Frameworks */,
				CF841866180B358C00B90AFB /* CopyFiles */,
			);
			buildRules = (
			);
			dependencies = (
			);
			name = Orbits;
			productName = Orbits;
			productReference = CF841868180B358C00B90AFB /* Orbits */;
			productType = "com.apple.product-type.tool";
		};
/* End PBXNativeTarget section */

/* Begin PBXProject section */
		CF84185F180B358C00B90AFB /* Project object */ = {
			isa = PBXProject;
			attributes = {
				LastUpgradeCheck = 0420;
			};
			buildConfigurationList = CF841862180B358C00B90AFB /* Build configuration list for PBXProject "Orbits" */;
			compatibilityVersion = "Xcode 3.2";
			developmentRegion = English;
			hasScannedForEncodings = 0;
			knownRegions = (
				en,
			);
			mainGroup = CF84185D180B358C00B90AFB;
			productRefGroup = CF841869180B358C00B90AFB /* Products */;
			projectDirPath = "";
			projectRoot = "";
			targets = (
				CF841867180B358C00B90AFB /* Orbits */,
			);
		};
/* End PBXProject section */

/* Begin PBXSourcesBuildPhase section */
		CF841864180B358C00B90AFB /* Sources */ = {
			isa = PBXSourcesBuildPhase;
			buildActionMask = 2147483647;
			files = (
				CF84186D180B358C00B90AFB /* main.cpp in Sources */,
				CF84187D180B396F00B90AFB /* conversions.cpp in Sources */,
				CF678A8D1833083F00CFAF68 /* constants.cpp in Sources */,
				CF4471CD1932A3430083B6DF /* calculations.cpp in Sources */,
				CF972B3E1934004500296D66 /* fileio.cpp in Sources */,
			);
			runOnlyForDeploymentPostprocessing = 0;
		};
/* End PBXSourcesBuildPhase section */

/* Begin XCBuildConfiguration section */
		CF841870180B358C00B90AFB /* Debug */ = {
			isa = XCBuildConfiguration;
			buildSettings = {
				ALWAYS_SEARCH_USER_PATHS = NO;
				ARCHS = "$(ARCHS_STANDARD_64_BIT)";
				CLANG_ENABLE_OBJC_ARC = YES;
				COPY_PHASE_STRIP = NO;
				GCC_C_LANGUAGE_STANDARD = gnu99;
				GCC_DYNAMIC_NO_PIC = NO;
				GCC_ENABLE_OBJC_EXCEPTIONS = YES;
				GCC_OPTIMIZATION_LEVEL = 0;
				GCC_PREPROCESSOR_DEFINITIONS = (
					"DEBUG=1",
					"$(inherited)",
				);
				GCC_SYMBOLS_PRIVATE_EXTERN = NO;
				GCC_VERSION = com.apple.compilers.llvm.clang.1_0;
				GCC_WARN_64_TO_32_BIT_CONVERSION = YES;
				GCC_WARN_ABOUT_MISSING_PROTOTYPES = YES;
				GCC_WARN_ABOUT_RETURN_TYPE = YES;
				GCC_WARN_UNUSED_VARIABLE = YES;
				MACOSX_DEPLOYMENT_TARGET = 10.7;
				ONLY_ACTIVE_ARCH = YES;
				SDKROOT = macosx;
			};
			name = Debug;
		};
		CF841871180B358C00B90AFB /* Release */ = {
			isa = XCBuildConfiguration;
			buildSettings = {
				ALWAYS_SEARCH_USER_PATHS = NO;
				ARCHS = "$(ARCHS_STANDARD_64_BIT)";
				CLANG_ENABLE_OBJC_ARC = YES;
				COPY_PHASE_STRIP = YES;
				DEBUG_INFORMATION_FORMAT = "dwarf-with-dsym";
				GCC_C_LANGUAGE_STANDARD = gnu99;
				GCC_ENABLE_OBJC_EXCEPTIONS = YES;
				GCC_VERSION = com.apple.compilers.llvm.clang.1_0;
				GCC_WARN_64_TO_32_BIT_CONVERSION = YES;
				GCC_WARN_ABOUT_MISSING_PROTOTYPES = YES;
				GCC_WARN_ABOUT_RETURN_TYPE = YES;
				GCC_WARN_UNUSED_VARIABLE = YES;
				MACOSX_DEPLOYMENT_TARGET = 10.7;
				SDKROOT = macosx;
			};
			name = Release;
		};
		CF841873180B358C00B90AFB /* Debug */ = {
			isa = XCBuildConfiguration;
			buildSettings = {
				PRODUCT_NAME = "$(TARGET_NAME)";
			};
			name = Debug;
		};
		CF841874180B358C00B90AFB /* Release */ = {
			isa = XCBuildConfiguration;
			buildSettings = {
				PRODUCT_NAME = "$(TARGET_NAME)";
			};
			name = Release;
		};
/* End XCBuildConfiguration section */

/* Begin XCConfigurationList section */
		CF841862180B358C00B90AFB /* Build configuration list for PBXProject "Orbits" */ = {
			isa = XCConfigurationList;
			buildConfigurations = (
				CF841870180B358C00B90AFB /* Debug */,
				CF841871180B358C00B90AFB /* Release */,
			);
			defaultConfigurationIsVisible = 0;
			defaultConfigurationName = Release;
		};
		CF841872180B358C00B90AFB /* Build configuration list for PBXNativeTarget "Orbits" */ = {
			isa = XCConfigurationList;
			buildConfigurations = (
				CF841873180B358C00B90AFB /* Debug */,
				CF841874180B358C00B90AFB /* Release */,
			);
			defaultConfigurationIsVisible = 0;
			defaultConfigurationName = Release;
		};
/* End XCConfigurationList section */
	};
	rootObject = CF84185F180B358C00B90AFB /* Project object */;
}
